
Microsoft Visual Studio Solution File, Format Version 12.00
# Visual Studio Version 17
VisualStudioVersion = 17.11.35327.3
MinimumVisualStudioVersion = 10.0.40219.1
Project("{FAE04EC0-301F-11D3-BF4B-00C04F79EFBC}") = "ExtraIsland", "ExtraIsland\ExtraIsland.csproj", "{75AA120E-CDCF-419C-9BE7-41E559A6FCAD}"
EndProject
Global
	GlobalSection(SolutionConfigurationPlatforms) = preSolution
		Debug|Any CPU = Debug|Any CPU
		Release|Any CPU = Release|Any CPU
	EndGlobalSection
	GlobalSection(ProjectConfigurationPlatforms) = postSolution
		{75AA120E-CDCF-419C-9BE7-41E559A6FCAD}.Debug|Any CPU.ActiveCfg = Debug|Any CPU
		{75AA120E-CDCF-419C-9BE7-41E559A6FCAD}.Debug|Any CPU.Build.0 = Debug|Any CPU
		{75AA120E-CDCF-419C-9BE7-41E559A6FCAD}.Release|Any CPU.ActiveCfg = Release|Any CPU
		{75AA120E-CDCF-419C-9BE7-41E559A6FCAD}.Release|Any CPU.Build.0 = Release|Any CPU
	EndGlobalSection
	GlobalSection(SolutionProperties) = preSolution
		HideSolutionNode = FALSE
	EndGlobalSection
	GlobalSection(ExtensibilityGlobals) = postSolution
		SolutionGuid = {6364FAA2-9D7E-4646-9702-000B5F6CF8D4}
	EndGlobalSection
EndGlobal
